{
  "originHash" : "a4f20c1d9de9723521adf26a4d35c4d8f374e77893d21587c10e7b5ba04e4bad",
  "pins" : [
    {
      "identity" : "snapkit?tab=readme-ov-file",
      "kind" : "remoteSourceControl",
      "location" : "https://github.com/SnapKit/SnapKit?tab=readme-ov-file",
      "state" : {
        "revision" : "2842e6e84e82eb9a8dac0100ca90d9444b0307f4",
        "version" : "5.7.1"
      }
    }
  ],
  "version" : 3
}
